
Microsoft Visual Studio Solution File, Format Version 12.00
# Visual Studio Version 17
VisualStudioVersion = 17.11.35303.130
MinimumVisualStudioVersion = 10.0.40219.1
Project("{FAE04EC0-301F-11D3-BF4B-00C04F79EFBC}") = "EmployeeCatalogApi", "EmployeeCatalogApi\EmployeeCatalogApi.csproj", "{F4E76488-C356-4AF7-80F3-FE005101D099}"
EndProject
Project("{FAE04EC0-301F-11D3-BF4B-00C04F79EFBC}") = "EmployeeCatalog.Backend.Data", "EmployeeCatalog.Backend.Data\EmployeeCatalog.Backend.Data.csproj", "{71D4F3F3-4E5B-4DBB-B4F3-971FB0D8AD9E}"
EndProject
Project("{FAE04EC0-301F-11D3-BF4B-00C04F79EFBC}") = "EmployeeCatalog.Backend.Domain", "EmployeeCatalog.Backend.Domain\EmployeeCatalog.Backend.Domain.csproj", "{AE7C8AAE-B742-4A9F-921B-E5830DFE6679}"
EndProject
Global
	GlobalSection(SolutionConfigurationPlatforms) = preSolution
		Debug|Any CPU = Debug|Any CPU
		Release|Any CPU = Release|Any CPU
	EndGlobalSection
	GlobalSection(ProjectConfigurationPlatforms) = postSolution
		{F4E76488-C356-4AF7-80F3-FE005101D099}.Debug|Any CPU.ActiveCfg = Debug|Any CPU
		{F4E76488-C356-4AF7-80F3-FE005101D099}.Debug|Any CPU.Build.0 = Debug|Any CPU
		{F4E76488-C356-4AF7-80F3-FE005101D099}.Release|Any CPU.ActiveCfg = Release|Any CPU
		{F4E76488-C356-4AF7-80F3-FE005101D099}.Release|Any CPU.Build.0 = Release|Any CPU
		{71D4F3F3-4E5B-4DBB-B4F3-971FB0D8AD9E}.Debug|Any CPU.ActiveCfg = Debug|Any CPU
		{71D4F3F3-4E5B-4DBB-B4F3-971FB0D8AD9E}.Debug|Any CPU.Build.0 = Debug|Any CPU
		{71D4F3F3-4E5B-4DBB-B4F3-971FB0D8AD9E}.Release|Any CPU.ActiveCfg = Release|Any CPU
		{71D4F3F3-4E5B-4DBB-B4F3-971FB0D8AD9E}.Release|Any CPU.Build.0 = Release|Any CPU
		{AE7C8AAE-B742-4A9F-921B-E5830DFE6679}.Debug|Any CPU.ActiveCfg = Debug|Any CPU
		{AE7C8AAE-B742-4A9F-921B-E5830DFE6679}.Debug|Any CPU.Build.0 = Debug|Any CPU
		{AE7C8AAE-B742-4A9F-921B-E5830DFE6679}.Release|Any CPU.ActiveCfg = Release|Any CPU
		{AE7C8AAE-B742-4A9F-921B-E5830DFE6679}.Release|Any CPU.Build.0 = Release|Any CPU
	EndGlobalSection
	GlobalSection(SolutionProperties) = preSolution
		HideSolutionNode = FALSE
	EndGlobalSection
	GlobalSection(ExtensibilityGlobals) = postSolution
		SolutionGuid = {E4D21E79-CDE1-4CF4-BE8F-595971EE6A43}
	EndGlobalSection
EndGlobal
